
Microsoft Visual Studio Solution File, Format Version 12.00
# Visual Studio Version 17
VisualStudioVersion = 17.7.34221.43
MinimumVisualStudioVersion = 10.0.40219.1
Project("{FAE04EC0-301F-11D3-BF4B-00C04F79EFBC}") = "Tetris_proyecto_final", "Tetris_proyecto_final\Tetris_proyecto_final.csproj", "{01F5339B-6AA6-4734-B0CB-EF690C05B92A}"
EndProject
Global
	GlobalSection(SolutionConfigurationPlatforms) = preSolution
		Debug|Any CPU = Debug|Any CPU
		Release|Any CPU = Release|Any CPU
	EndGlobalSection
	GlobalSection(ProjectConfigurationPlatforms) = postSolution
		{01F5339B-6AA6-4734-B0CB-EF690C05B92A}.Debug|Any CPU.ActiveCfg = Debug|Any CPU
		{01F5339B-6AA6-4734-B0CB-EF690C05B92A}.Debug|Any CPU.Build.0 = Debug|Any CPU
		{01F5339B-6AA6-4734-B0CB-EF690C05B92A}.Release|Any CPU.ActiveCfg = Release|Any CPU
		{01F5339B-6AA6-4734-B0CB-EF690C05B92A}.Release|Any CPU.Build.0 = Release|Any CPU
	EndGlobalSection
	GlobalSection(SolutionProperties) = preSolution
		HideSolutionNode = FALSE
	EndGlobalSection
	GlobalSection(ExtensibilityGlobals) = postSolution
		SolutionGuid = {1CE59E0F-6232-4CC8-8248-0746D9767F40}
	EndGlobalSection
EndGlobal
